
Microsoft Visual Studio Solution File, Format Version 12.00
# Visual Studio Version 17
VisualStudioVersion = 17.10.35027.167
MinimumVisualStudioVersion = 10.0.40219.1
Project("{FAE04EC0-301F-11D3-BF4B-00C04F79EFBC}") = "ERPCloud", "ERPCloud\ERPCloud.csproj", "{1733F7EB-7BA2-4DFD-90F3-FB2853D8A0F1}"
EndProject
Global
	GlobalSection(SolutionConfigurationPlatforms) = preSolution
		Debug|Any CPU = Debug|Any CPU
		Release|Any CPU = Release|Any CPU
	EndGlobalSection
	GlobalSection(ProjectConfigurationPlatforms) = postSolution
		{1733F7EB-7BA2-4DFD-90F3-FB2853D8A0F1}.Debug|Any CPU.ActiveCfg = Debug|Any CPU
		{1733F7EB-7BA2-4DFD-90F3-FB2853D8A0F1}.Debug|Any CPU.Build.0 = Debug|Any CPU
		{1733F7EB-7BA2-4DFD-90F3-FB2853D8A0F1}.Release|Any CPU.ActiveCfg = Release|Any CPU
		{1733F7EB-7BA2-4DFD-90F3-FB2853D8A0F1}.Release|Any CPU.Build.0 = Release|Any CPU
	EndGlobalSection
	GlobalSection(SolutionProperties) = preSolution
		HideSolutionNode = FALSE
	EndGlobalSection
	GlobalSection(ExtensibilityGlobals) = postSolution
		SolutionGuid = {A6E34E23-8E27-405D-85E7-333ED2B7E1D5}
	EndGlobalSection
EndGlobal
